{
  "name": "@scom/pageblock-commerce-banner",
  "version": "0.1.0",
  "lockfileVersion": 2,
  "requires": true,
  "packages": {
    "": {
      "name": "@scom/pageblock-commerce-banner",
      "version": "0.1.0",
      "license": "AGPL-3.0",
      "devDependencies": {
        "@ijstech/cli": "^0.1.28",
        "@ijstech/compiler": "^0.1.22",
        "@ijstech/components": "^0.1.34"
      }
    },
    "node_modules/@ijstech/cli": {
      "version": "0.1.28",
      "resolved": "https://registry.npmjs.org/@ijstech/cli/-/cli-0.1.28.tgz",
      "integrity": "sha512-+sUjpxV702i3isDAPi7gG9sRj7TJ9xKrMF9qOLCRaP/A6AkqM9+PryY4TeJo7ZFqdF32sibl+jMomYswQj4qtg==",
      "dev": true,
      "bin": {
        "cli": "tools/cli.js"
      }
    },
    "node_modules/@ijstech/compiler": {
      "version": "0.1.22",
      "resolved": "https://registry.npmjs.org/@ijstech/compiler/-/compiler-0.1.22.tgz",
      "integrity": "sha512-FybyS0WVryh6ynVBDfKJFeOFBoPb3QoFwAH4g07f/7qVxLVb01/Kdk6Q0x6Sm70e+B8C/1ynje9XT2gOALpZNw==",
      "dev": true,
      "dependencies": {
        "typescript": "4.3.5"
      },
      "bin": {
        "compiler": "cli/bundle.js"
      },
      "engines": {
        "node": ">=18.0.0"
      }
    },
    "node_modules/@ijstech/components": {
      "version": "0.1.34",
      "resolved": "https://registry.npmjs.org/@ijstech/components/-/components-0.1.34.tgz",
      "integrity": "sha512-Lys6NI+4zK+RLH3pfTiVDCqIhDwT4huHczpXUKcYUS4rY0seZ3thKgqyh75O6FOv5kXHmXsTJSC1IG/OISYSvg==",
      "dev": true
    },
    "node_modules/typescript": {
      "version": "4.3.5",
      "resolved": "https://registry.npmjs.org/typescript/-/typescript-4.3.5.tgz",
      "integrity": "sha512-DqQgihaQ9cUrskJo9kIyW/+g0Vxsk8cDtZ52a3NGh0YNTfpUSArXSohyUGnvbPazEPLu398C0UxmKSOrPumUzA==",
      "dev": true,
      "bin": {
        "tsc": "bin/tsc",
        "tsserver": "bin/tsserver"
      },
      "engines": {
        "node": ">=4.2.0"
      }
    }
  },
  "dependencies": {
    "@ijstech/cli": {
      "version": "0.1.28",
      "resolved": "https://registry.npmjs.org/@ijstech/cli/-/cli-0.1.28.tgz",
      "integrity": "sha512-+sUjpxV702i3isDAPi7gG9sRj7TJ9xKrMF9qOLCRaP/A6AkqM9+PryY4TeJo7ZFqdF32sibl+jMomYswQj4qtg==",
      "dev": true
    },
    "@ijstech/compiler": {
      "version": "0.1.22",
      "resolved": "https://registry.npmjs.org/@ijstech/compiler/-/compiler-0.1.22.tgz",
      "integrity": "sha512-FybyS0WVryh6ynVBDfKJFeOFBoPb3QoFwAH4g07f/7qVxLVb01/Kdk6Q0x6Sm70e+B8C/1ynje9XT2gOALpZNw==",
      "dev": true,
      "requires": {
        "typescript": "4.3.5"
      }
    },
    "@ijstech/components": {
      "version": "0.1.34",
      "resolved": "https://registry.npmjs.org/@ijstech/components/-/components-0.1.34.tgz",
      "integrity": "sha512-Lys6NI+4zK+RLH3pfTiVDCqIhDwT4huHczpXUKcYUS4rY0seZ3thKgqyh75O6FOv5kXHmXsTJSC1IG/OISYSvg==",
      "dev": true
    },
    "typescript": {
      "version": "4.3.5",
      "resolved": "https://registry.npmjs.org/typescript/-/typescript-4.3.5.tgz",
      "integrity": "sha512-DqQgihaQ9cUrskJo9kIyW/+g0Vxsk8cDtZ52a3NGh0YNTfpUSArXSohyUGnvbPazEPLu398C0UxmKSOrPumUzA==",
      "dev": true
    }
  }
}
